
Microsoft Visual Studio Solution File, Format Version 12.00
# Visual Studio 15
VisualStudioVersion = 15.0.27428.2015
MinimumVisualStudioVersion = 10.0.40219.1
Project("{FAE04EC0-301F-11D3-BF4B-00C04F79EFBC}") = "ExampleGridItemsHost", "ExampleGridItemsHost\ExampleGridItemsHost.csproj", "{3278B30B-3558-4B59-BA42-D8CCA263042D}"
EndProject
Global
	GlobalSection(SolutionConfigurationPlatforms) = preSolution
		Debug|Any CPU = Debug|Any CPU
		Release|Any CPU = Release|Any CPU
	EndGlobalSection
	GlobalSection(ProjectConfigurationPlatforms) = postSolution
		{3278B30B-3558-4B59-BA42-D8CCA263042D}.Debug|Any CPU.ActiveCfg = Debug|Any CPU
		{3278B30B-3558-4B59-BA42-D8CCA263042D}.Debug|Any CPU.Build.0 = Debug|Any CPU
		{3278B30B-3558-4B59-BA42-D8CCA263042D}.Release|Any CPU.ActiveCfg = Release|Any CPU
		{3278B30B-3558-4B59-BA42-D8CCA263042D}.Release|Any CPU.Build.0 = Release|Any CPU
	EndGlobalSection
	GlobalSection(SolutionProperties) = preSolution
		HideSolutionNode = FALSE
	EndGlobalSection
	GlobalSection(ExtensibilityGlobals) = postSolution
		SolutionGuid = {E0093991-3F97-4B4B-AE12-7BB9F23BA12D}
	EndGlobalSection
EndGlobal
